
Microsoft Visual Studio Solution File, Format Version 12.00
# Visual Studio Version 16
VisualStudioVersion = 16.0.29215.179
MinimumVisualStudioVersion = 10.0.40219.1
Project("{FAE04EC0-301F-11D3-BF4B-00C04F79EFBC}") = "Lab1Fall2019", "Lab1Fall2019\Lab1Fall2019.csproj", "{5D23B3C6-EF92-43B9-A05A-57D8AC245847}"
EndProject
Global
	GlobalSection(SolutionConfigurationPlatforms) = preSolution
		Debug|Any CPU = Debug|Any CPU
		Release|Any CPU = Release|Any CPU
	EndGlobalSection
	GlobalSection(ProjectConfigurationPlatforms) = postSolution
		{5D23B3C6-EF92-43B9-A05A-57D8AC245847}.Debug|Any CPU.ActiveCfg = Debug|Any CPU
		{5D23B3C6-EF92-43B9-A05A-57D8AC245847}.Debug|Any CPU.Build.0 = Debug|Any CPU
		{5D23B3C6-EF92-43B9-A05A-57D8AC245847}.Release|Any CPU.ActiveCfg = Release|Any CPU
		{5D23B3C6-EF92-43B9-A05A-57D8AC245847}.Release|Any CPU.Build.0 = Release|Any CPU
	EndGlobalSection
	GlobalSection(SolutionProperties) = preSolution
		HideSolutionNode = FALSE
	EndGlobalSection
	GlobalSection(ExtensibilityGlobals) = postSolution
		SolutionGuid = {712377C9-4740-48FA-A8C2-65AE106CB274}
	EndGlobalSection
EndGlobal
